
Microsoft Visual Studio Solution File, Format Version 12.00
# Visual Studio Version 17
VisualStudioVersion = 17.13.35828.75
MinimumVisualStudioVersion = 10.0.40219.1
Project("{FAE04EC0-301F-11D3-BF4B-00C04F79EFBC}") = "Wavy", "Trabalho1\Wavy.csproj", "{EE69811C-917A-4EAB-9B30-3564538D1344}"
EndProject
Project("{FAE04EC0-301F-11D3-BF4B-00C04F79EFBC}") = "Agregador", "Agregador\Agregador.csproj", "{FE816F78-F003-4593-998C-ACDCBE308A88}"
EndProject
Project("{FAE04EC0-301F-11D3-BF4B-00C04F79EFBC}") = "Server", "Server\Server.csproj", "{28BAFE79-DC32-4316-A75F-6CA8C07A83F7}"
EndProject
Project("{FAE04EC0-301F-11D3-BF4B-00C04F79EFBC}") = "PreProcessamentoService", "PreProcessamentoService\PreProcessamentoService.csproj", "{B59A7B67-B6EF-4F39-952D-E5791622175E}"
EndProject
Project("{FAE04EC0-301F-11D3-BF4B-00C04F79EFBC}") = "PreProcessamentoRpc", "PreProcessamentoRpc\PreProcessamentoRpc.csproj", "{AA75C3B1-1B5A-40D1-8CF5-0147100DD3CC}"
EndProject
Project("{FAE04EC0-301F-11D3-BF4B-00C04F79EFBC}") = "AnaliseRpc", "AnaliseRpc\AnaliseRpc.csproj", "{A1274282-3E01-438D-92C1-D19233E2373A}"
EndProject
Project("{2150E333-8FDC-42A3-9474-1A3956D46DE8}") = "data", "data", "{02EA681E-C7D8-13C7-8484-4AC65E1B71E8}"
EndProject
Project("{2150E333-8FDC-42A3-9474-1A3956D46DE8}") = "ServicoAnalisePython", "ServicoAnalisePython", "{DFDC37B8-12D0-4E29-A2FA-18808EC7FF02}"
	ProjectSection(SolutionItems) = preProject
		AnaliseRpc\proto\analise.proto = AnaliseRpc\proto\analise.proto
		AnaliseRpc\analise_pb2.py = AnaliseRpc\analise_pb2.py
		AnaliseRpc\analise_pb2_grpc.py = AnaliseRpc\analise_pb2_grpc.py
		servidor.py = servidor.py
	EndProjectSection
EndProject
Global
	GlobalSection(SolutionConfigurationPlatforms) = preSolution
		Debug|Any CPU = Debug|Any CPU
		Debug|x64 = Debug|x64
		Debug|x86 = Debug|x86
		Release|Any CPU = Release|Any CPU
		Release|x64 = Release|x64
		Release|x86 = Release|x86
	EndGlobalSection
	GlobalSection(ProjectConfigurationPlatforms) = postSolution
		{EE69811C-917A-4EAB-9B30-3564538D1344}.Debug|Any CPU.ActiveCfg = Debug|Any CPU
		{EE69811C-917A-4EAB-9B30-3564538D1344}.Debug|Any CPU.Build.0 = Debug|Any CPU
		{EE69811C-917A-4EAB-9B30-3564538D1344}.Debug|x64.ActiveCfg = Debug|Any CPU
		{EE69811C-917A-4EAB-9B30-3564538D1344}.Debug|x64.Build.0 = Debug|Any CPU
		{EE69811C-917A-4EAB-9B30-3564538D1344}.Debug|x86.ActiveCfg = Debug|Any CPU
		{EE69811C-917A-4EAB-9B30-3564538D1344}.Debug|x86.Build.0 = Debug|Any CPU
		{EE69811C-917A-4EAB-9B30-3564538D1344}.Release|Any CPU.ActiveCfg = Release|Any CPU
		{EE69811C-917A-4EAB-9B30-3564538D1344}.Release|Any CPU.Build.0 = Release|Any CPU
		{EE69811C-917A-4EAB-9B30-3564538D1344}.Release|x64.ActiveCfg = Release|Any CPU
		{EE69811C-917A-4EAB-9B30-3564538D1344}.Release|x64.Build.0 = Release|Any CPU
		{EE69811C-917A-4EAB-9B30-3564538D1344}.Release|x86.ActiveCfg = Release|Any CPU
		{EE69811C-917A-4EAB-9B30-3564538D1344}.Release|x86.Build.0 = Release|Any CPU
		{FE816F78-F003-4593-998C-ACDCBE308A88}.Debug|Any CPU.ActiveCfg = Debug|Any CPU
		{FE816F78-F003-4593-998C-ACDCBE308A88}.Debug|Any CPU.Build.0 = Debug|Any CPU
		{FE816F78-F003-4593-998C-ACDCBE308A88}.Debug|x64.ActiveCfg = Debug|Any CPU
		{FE816F78-F003-4593-998C-ACDCBE308A88}.Debug|x64.Build.0 = Debug|Any CPU
		{FE816F78-F003-4593-998C-ACDCBE308A88}.Debug|x86.ActiveCfg = Debug|Any CPU
		{FE816F78-F003-4593-998C-ACDCBE308A88}.Debug|x86.Build.0 = Debug|Any CPU
		{FE816F78-F003-4593-998C-ACDCBE308A88}.Release|Any CPU.ActiveCfg = Release|Any CPU
		{FE816F78-F003-4593-998C-ACDCBE308A88}.Release|Any CPU.Build.0 = Release|Any CPU
		{FE816F78-F003-4593-998C-ACDCBE308A88}.Release|x64.ActiveCfg = Release|Any CPU
		{FE816F78-F003-4593-998C-ACDCBE308A88}.Release|x64.Build.0 = Release|Any CPU
		{FE816F78-F003-4593-998C-ACDCBE308A88}.Release|x86.ActiveCfg = Release|Any CPU
		{FE816F78-F003-4593-998C-ACDCBE308A88}.Release|x86.Build.0 = Release|Any CPU
		{28BAFE79-DC32-4316-A75F-6CA8C07A83F7}.Debug|Any CPU.ActiveCfg = Debug|Any CPU
		{28BAFE79-DC32-4316-A75F-6CA8C07A83F7}.Debug|Any CPU.Build.0 = Debug|Any CPU
		{28BAFE79-DC32-4316-A75F-6CA8C07A83F7}.Debug|x64.ActiveCfg = Debug|Any CPU
		{28BAFE79-DC32-4316-A75F-6CA8C07A83F7}.Debug|x64.Build.0 = Debug|Any CPU
		{28BAFE79-DC32-4316-A75F-6CA8C07A83F7}.Debug|x86.ActiveCfg = Debug|Any CPU
		{28BAFE79-DC32-4316-A75F-6CA8C07A83F7}.Debug|x86.Build.0 = Debug|Any CPU
		{28BAFE79-DC32-4316-A75F-6CA8C07A83F7}.Release|Any CPU.ActiveCfg = Release|Any CPU
		{28BAFE79-DC32-4316-A75F-6CA8C07A83F7}.Release|Any CPU.Build.0 = Release|Any CPU
		{28BAFE79-DC32-4316-A75F-6CA8C07A83F7}.Release|x64.ActiveCfg = Release|Any CPU
		{28BAFE79-DC32-4316-A75F-6CA8C07A83F7}.Release|x64.Build.0 = Release|Any CPU
		{28BAFE79-DC32-4316-A75F-6CA8C07A83F7}.Release|x86.ActiveCfg = Release|Any CPU
		{28BAFE79-DC32-4316-A75F-6CA8C07A83F7}.Release|x86.Build.0 = Release|Any CPU
		{B59A7B67-B6EF-4F39-952D-E5791622175E}.Debug|Any CPU.ActiveCfg = Debug|Any CPU
		{B59A7B67-B6EF-4F39-952D-E5791622175E}.Debug|Any CPU.Build.0 = Debug|Any CPU
		{B59A7B67-B6EF-4F39-952D-E5791622175E}.Debug|x64.ActiveCfg = Debug|Any CPU
		{B59A7B67-B6EF-4F39-952D-E5791622175E}.Debug|x64.Build.0 = Debug|Any CPU
		{B59A7B67-B6EF-4F39-952D-E5791622175E}.Debug|x86.ActiveCfg = Debug|Any CPU
		{B59A7B67-B6EF-4F39-952D-E5791622175E}.Debug|x86.Build.0 = Debug|Any CPU
		{B59A7B67-B6EF-4F39-952D-E5791622175E}.Release|Any CPU.ActiveCfg = Release|Any CPU
		{B59A7B67-B6EF-4F39-952D-E5791622175E}.Release|Any CPU.Build.0 = Release|Any CPU
		{B59A7B67-B6EF-4F39-952D-E5791622175E}.Release|x64.ActiveCfg = Release|Any CPU
		{B59A7B67-B6EF-4F39-952D-E5791622175E}.Release|x64.Build.0 = Release|Any CPU
		{B59A7B67-B6EF-4F39-952D-E5791622175E}.Release|x86.ActiveCfg = Release|Any CPU
		{B59A7B67-B6EF-4F39-952D-E5791622175E}.Release|x86.Build.0 = Release|Any CPU
		{AA75C3B1-1B5A-40D1-8CF5-0147100DD3CC}.Debug|Any CPU.ActiveCfg = Debug|Any CPU
		{AA75C3B1-1B5A-40D1-8CF5-0147100DD3CC}.Debug|Any CPU.Build.0 = Debug|Any CPU
		{AA75C3B1-1B5A-40D1-8CF5-0147100DD3CC}.Debug|x64.ActiveCfg = Debug|Any CPU
		{AA75C3B1-1B5A-40D1-8CF5-0147100DD3CC}.Debug|x64.Build.0 = Debug|Any CPU
		{AA75C3B1-1B5A-40D1-8CF5-0147100DD3CC}.Debug|x86.ActiveCfg = Debug|Any CPU
		{AA75C3B1-1B5A-40D1-8CF5-0147100DD3CC}.Debug|x86.Build.0 = Debug|Any CPU
		{AA75C3B1-1B5A-40D1-8CF5-0147100DD3CC}.Release|Any CPU.ActiveCfg = Release|Any CPU
		{AA75C3B1-1B5A-40D1-8CF5-0147100DD3CC}.Release|Any CPU.Build.0 = Release|Any CPU
		{AA75C3B1-1B5A-40D1-8CF5-0147100DD3CC}.Release|x64.ActiveCfg = Release|Any CPU
		{AA75C3B1-1B5A-40D1-8CF5-0147100DD3CC}.Release|x64.Build.0 = Release|Any CPU
		{AA75C3B1-1B5A-40D1-8CF5-0147100DD3CC}.Release|x86.ActiveCfg = Release|Any CPU
		{AA75C3B1-1B5A-40D1-8CF5-0147100DD3CC}.Release|x86.Build.0 = Release|Any CPU
		{A1274282-3E01-438D-92C1-D19233E2373A}.Debug|Any CPU.ActiveCfg = Debug|Any CPU
		{A1274282-3E01-438D-92C1-D19233E2373A}.Debug|Any CPU.Build.0 = Debug|Any CPU
		{A1274282-3E01-438D-92C1-D19233E2373A}.Debug|x64.ActiveCfg = Debug|Any CPU
		{A1274282-3E01-438D-92C1-D19233E2373A}.Debug|x64.Build.0 = Debug|Any CPU
		{A1274282-3E01-438D-92C1-D19233E2373A}.Debug|x86.ActiveCfg = Debug|Any CPU
		{A1274282-3E01-438D-92C1-D19233E2373A}.Debug|x86.Build.0 = Debug|Any CPU
		{A1274282-3E01-438D-92C1-D19233E2373A}.Release|Any CPU.ActiveCfg = Release|Any CPU
		{A1274282-3E01-438D-92C1-D19233E2373A}.Release|Any CPU.Build.0 = Release|Any CPU
		{A1274282-3E01-438D-92C1-D19233E2373A}.Release|x64.ActiveCfg = Release|Any CPU
		{A1274282-3E01-438D-92C1-D19233E2373A}.Release|x64.Build.0 = Release|Any CPU
		{A1274282-3E01-438D-92C1-D19233E2373A}.Release|x86.ActiveCfg = Release|Any CPU
		{A1274282-3E01-438D-92C1-D19233E2373A}.Release|x86.Build.0 = Release|Any CPU
	EndGlobalSection
	GlobalSection(SolutionProperties) = preSolution
		HideSolutionNode = FALSE
	EndGlobalSection
	GlobalSection(ExtensibilityGlobals) = postSolution
		SolutionGuid = {858F47A7-ED5B-40CA-83AA-B10EDDB5C55E}
	EndGlobalSection
EndGlobal
